
Microsoft Visual Studio Solution File, Format Version 12.00
# Visual Studio Version 17
VisualStudioVersion = 17.14.36603.0 d17.14
MinimumVisualStudioVersion = 10.0.40219.1
Project("{8BC9CEB8-8B4A-11D0-8D11-00A0C91BC942}") = "PrimU", "PrimU\PrimU.vcxproj", "{435F4919-498E-4719-B12A-08A95C4A45BE}"
EndProject
Project("{FAE04EC0-301F-11D3-BF4B-00C04F79EFBC}") = "QuickTransfer", "QuickTransfer\QuickTransfer.csproj", "{0025ADF3-4C10-4951-9F3A-1F1C4294752B}"
EndProject
Global
	GlobalSection(SolutionConfigurationPlatforms) = preSolution
		Debug|Any CPU = Debug|Any CPU
		Debug|x64 = Debug|x64
		Debug|x86 = Debug|x86
		Release|Any CPU = Release|Any CPU
		Release|x64 = Release|x64
		Release|x86 = Release|x86
	EndGlobalSection
	GlobalSection(ProjectConfigurationPlatforms) = postSolution
		{435F4919-498E-4719-B12A-08A95C4A45BE}.Debug|Any CPU.ActiveCfg = Debug|x64
		{435F4919-498E-4719-B12A-08A95C4A45BE}.Debug|Any CPU.Build.0 = Debug|x64
		{435F4919-498E-4719-B12A-08A95C4A45BE}.Debug|x64.ActiveCfg = Debug|x64
		{435F4919-498E-4719-B12A-08A95C4A45BE}.Debug|x64.Build.0 = Debug|x64
		{435F4919-498E-4719-B12A-08A95C4A45BE}.Debug|x86.ActiveCfg = Debug|Win32
		{435F4919-498E-4719-B12A-08A95C4A45BE}.Debug|x86.Build.0 = Debug|Win32
		{435F4919-498E-4719-B12A-08A95C4A45BE}.Release|Any CPU.ActiveCfg = Release|x64
		{435F4919-498E-4719-B12A-08A95C4A45BE}.Release|Any CPU.Build.0 = Release|x64
		{435F4919-498E-4719-B12A-08A95C4A45BE}.Release|x64.ActiveCfg = Release|x64
		{435F4919-498E-4719-B12A-08A95C4A45BE}.Release|x64.Build.0 = Release|x64
		{435F4919-498E-4719-B12A-08A95C4A45BE}.Release|x86.ActiveCfg = Release|Win32
		{435F4919-498E-4719-B12A-08A95C4A45BE}.Release|x86.Build.0 = Release|Win32
		{0025ADF3-4C10-4951-9F3A-1F1C4294752B}.Debug|Any CPU.ActiveCfg = Debug|Any CPU
		{0025ADF3-4C10-4951-9F3A-1F1C4294752B}.Debug|Any CPU.Build.0 = Debug|Any CPU
		{0025ADF3-4C10-4951-9F3A-1F1C4294752B}.Debug|x64.ActiveCfg = Debug|Any CPU
		{0025ADF3-4C10-4951-9F3A-1F1C4294752B}.Debug|x64.Build.0 = Debug|Any CPU
		{0025ADF3-4C10-4951-9F3A-1F1C4294752B}.Debug|x86.ActiveCfg = Debug|Any CPU
		{0025ADF3-4C10-4951-9F3A-1F1C4294752B}.Debug|x86.Build.0 = Debug|Any CPU
		{0025ADF3-4C10-4951-9F3A-1F1C4294752B}.Release|Any CPU.ActiveCfg = Release|Any CPU
		{0025ADF3-4C10-4951-9F3A-1F1C4294752B}.Release|Any CPU.Build.0 = Release|Any CPU
		{0025ADF3-4C10-4951-9F3A-1F1C4294752B}.Release|x64.ActiveCfg = Release|Any CPU
		{0025ADF3-4C10-4951-9F3A-1F1C4294752B}.Release|x64.Build.0 = Release|Any CPU
		{0025ADF3-4C10-4951-9F3A-1F1C4294752B}.Release|x86.ActiveCfg = Release|Any CPU
		{0025ADF3-4C10-4951-9F3A-1F1C4294752B}.Release|x86.Build.0 = Release|Any CPU
	EndGlobalSection
	GlobalSection(SolutionProperties) = preSolution
		HideSolutionNode = FALSE
	EndGlobalSection
EndGlobal
