<?xml version="1.0" encoding="utf-8"?>
<Project ToolsVersion="4.0" xmlns="http://schemas.microsoft.com/developer/msbuild/2003">
  <ItemGroup>
    <Filter Include="Source Files">
      <UniqueIdentifier>{4FC737F1-C7A5-4376-A066-2A32D752A2FF}</UniqueIdentifier>
      <Extensions>cpp;c;cc;cxx;def;odl;idl;hpj;bat;asm;asmx</Extensions>
    </Filter>
    <Filter Include="Header Files">
      <UniqueIdentifier>{93995380-89BD-4b04-88EB-625FBE52EBFB}</UniqueIdentifier>
      <Extensions>h;hh;hpp;hxx;hm;inl;inc;xsd</Extensions>
    </Filter>
    <Filter Include="Header Files\Memory">
      <UniqueIdentifier>{df518c50-ae12-43fe-9733-9adfd2f818cc}</UniqueIdentifier>
    </Filter>
    <Filter Include="Source Files\Memory">
      <UniqueIdentifier>{6d5b444d-e35c-4023-8065-f419aa15bf81}</UniqueIdentifier>
    </Filter>
    <Filter Include="Header Files\Display">
      <UniqueIdentifier>{24a6da14-345e-4f81-ad37-f40d76897e39}</UniqueIdentifier>
    </Filter>
    <Filter Include="Source Files\Display">
      <UniqueIdentifier>{21362acd-d4f3-497b-bfd4-c62eac136f88}</UniqueIdentifier>
    </Filter>
    <Filter Include="Header Files\System">
      <UniqueIdentifier>{461a858c-f790-4332-bf97-dfccea1b894b}</UniqueIdentifier>
    </Filter>
    <Filter Include="Source Files\System">
      <UniqueIdentifier>{f768fbd4-54f9-4969-8ab9-16f179dbb859}</UniqueIdentifier>
    </Filter>
    <Filter Include="Header Files\Imgui">
      <UniqueIdentifier>{93e4b086-1198-424b-818b-082c569c5d10}</UniqueIdentifier>
    </Filter>
    <Filter Include="Source Files\Imgui">
      <UniqueIdentifier>{d61db269-eaba-4ca5-94d1-01de8e2b5233}</UniqueIdentifier>
    </Filter>
    <Filter Include="Source Files\System\IO">
      <UniqueIdentifier>{60a08797-db34-4fab-b6cd-8555bd5a20d2}</UniqueIdentifier>
    </Filter>
    <Filter Include="Source Files\PrimInterop">
      <UniqueIdentifier>{343c2a5e-a78e-4825-9527-d7d67e48c54c}</UniqueIdentifier>
    </Filter>
  </ItemGroup>
  <ItemGroup>
    <Text Include="ReadMe.txt" />
  </ItemGroup>
  <ItemGroup>
    <ClInclude Include="stdafx.h">
      <Filter>Header Files</Filter>
    </ClInclude>
    <ClInclude Include="targetver.h">
      <Filter>Header Files</Filter>
    </ClInclude>
    <ClInclude Include="executable.h">
      <Filter>Header Files</Filter>
    </ClInclude>
    <ClInclude Include="executor.h">
      <Filter>Header Files</Filter>
    </ClInclude>
    <ClInclude Include="interrupts.h">
      <Filter>Header Files</Filter>
    </ClInclude>
    <ClInclude Include="vprintf.h">
      <Filter>Header Files</Filter>
    </ClInclude>
    <ClInclude Include="handlers.h">
      <Filter>Header Files</Filter>
    </ClInclude>
    <ClInclude Include="common.h">
      <Filter>Header Files</Filter>
    </ClInclude>
    <ClInclude Include="MemoryManager.h">
      <Filter>Header Files\Memory</Filter>
    </ClInclude>
    <ClInclude Include="MemoryBlock.h">
      <Filter>Header Files\Memory</Filter>
    </ClInclude>
    <ClInclude Include="MemoryChunk.h">
      <Filter>Header Files\Memory</Filter>
    </ClInclude>
    <ClInclude Include="LCD.h">
      <Filter>Header Files\Display</Filter>
    </ClInclude>
    <ClInclude Include="Thread.h">
      <Filter>Header Files\System</Filter>
    </ClInclude>
    <ClInclude Include="ThreadHandler.h">
      <Filter>Header Files\System</Filter>
    </ClInclude>
    <ClInclude Include="ui.h">
      <Filter>Header Files</Filter>
    </ClInclude>
    <ClInclude Include="PELoader.h">
      <Filter>Header Files</Filter>
    </ClInclude>
    <ClInclude Include="imconfig.h">
      <Filter>Header Files\Imgui</Filter>
    </ClInclude>
    <ClInclude Include="imgui.h">
      <Filter>Header Files\Imgui</Filter>
    </ClInclude>
    <ClInclude Include="imgui_impl_sdl2.h">
      <Filter>Header Files\Imgui</Filter>
    </ClInclude>
    <ClInclude Include="imgui_internal.h">
      <Filter>Header Files\Imgui</Filter>
    </ClInclude>
    <ClInclude Include="imgui_impl_sdlrenderer2.h">
      <Filter>Header Files\Imgui</Filter>
    </ClInclude>
    <ClInclude Include="imstb_rectpack.h">
      <Filter>Header Files\Imgui</Filter>
    </ClInclude>
    <ClInclude Include="imstb_truetype.h">
      <Filter>Header Files\Imgui</Filter>
    </ClInclude>
    <ClInclude Include="imstb_textedit.h">
      <Filter>Header Files\Imgui</Filter>
    </ClInclude>
    <ClInclude Include="imgui_memory_editor.h">
      <Filter>Header Files\Imgui</Filter>
    </ClInclude>
    <ClInclude Include="Marshal.h">
      <Filter>Source Files\System</Filter>
    </ClInclude>
    <ClInclude Include="InterruptHandler.h">
      <Filter>Source Files\System</Filter>
    </ClInclude>
    <ClInclude Include="Services.h">
      <Filter>Source Files\System</Filter>
    </ClInclude>
    <ClInclude Include="svc_common.h">
      <Filter>Header Files</Filter>
    </ClInclude>
    <ClInclude Include="PrimeObj.h">
      <Filter>Header Files</Filter>
    </ClInclude>
    <ClInclude Include="logbuf.h">
      <Filter>Header Files</Filter>
    </ClInclude>
    <ClInclude Include="log.h">
      <Filter>Header Files</Filter>
    </ClInclude>
    <ClInclude Include="svclogwin.h">
      <Filter>Header Files</Filter>
    </ClInclude>
    <ClInclude Include="FaultHandler.h">
      <Filter>Header Files</Filter>
    </ClInclude>
    <ClInclude Include="InterruptController.h">
      <Filter>Header Files</Filter>
    </ClInclude>
    <ClInclude Include="SvcDispatcher.h">
      <Filter>Header Files</Filter>
    </ClInclude>
    <ClInclude Include="SyncPrimitives.h">
      <Filter>Header Files</Filter>
    </ClInclude>
    <ClInclude Include="Win32SyncPrimitives.h">
      <Filter>Header Files</Filter>
    </ClInclude>
    <ClInclude Include="TimerController.h">
      <Filter>Header Files</Filter>
    </ClInclude>

    <ClInclude Include="GdbStub.h">
      <Filter>Header Files</Filter>
    </ClInclude>
    <ClInclude Include="CommandServer.h">
      <Filter>Header Files</Filter>
    </ClInclude>
  </ItemGroup>
  <ItemGroup>
    <ClCompile Include="stdafx.cpp">
      <Filter>Source Files</Filter>
    </ClCompile>
    <ClCompile Include="PrimU.cpp">
      <Filter>Source Files</Filter>
    </ClCompile>
    <ClCompile Include="executable.cpp">
      <Filter>Source Files</Filter>
    </ClCompile>
    <ClCompile Include="executor.cpp">
      <Filter>Source Files</Filter>
    </ClCompile>
    <ClCompile Include="vprintf.cpp">
      <Filter>Source Files</Filter>
    </ClCompile>
    <ClCompile Include="dbgout.cpp">
      <Filter>Source Files</Filter>
    </ClCompile>
    <ClCompile Include="MemoryManager.cpp">
      <Filter>Source Files\Memory</Filter>
    </ClCompile>
    <ClCompile Include="MemoryChunk.cpp">
      <Filter>Source Files\Memory</Filter>
    </ClCompile>
    <ClCompile Include="MemoryBlock.cpp">
      <Filter>Source Files\Memory</Filter>
    </ClCompile>
    <ClCompile Include="LCD.cpp">
      <Filter>Source Files\Display</Filter>
    </ClCompile>
    <ClCompile Include="Thread.cpp">
      <Filter>Source Files\System</Filter>
    </ClCompile>
    <ClCompile Include="ThreadHandler.cpp">
      <Filter>Source Files\System</Filter>
    </ClCompile>
    <ClCompile Include="PELoader.cpp">
      <Filter>Source Files</Filter>
    </ClCompile>
    <ClCompile Include="imgui.cpp">
      <Filter>Source Files\Imgui</Filter>
    </ClCompile>
    <ClCompile Include="imgui_demo.cpp">
      <Filter>Source Files\Imgui</Filter>
    </ClCompile>
    <ClCompile Include="imgui_draw.cpp">
      <Filter>Source Files\Imgui</Filter>
    </ClCompile>
    <ClCompile Include="imgui_impl_sdlrenderer2.cpp">
      <Filter>Source Files\Imgui</Filter>
    </ClCompile>
    <ClCompile Include="imgui_impl_sdl2.cpp">
      <Filter>Source Files\Imgui</Filter>
    </ClCompile>
    <ClCompile Include="imgui_tables.cpp">
      <Filter>Source Files\Imgui</Filter>
    </ClCompile>
    <ClCompile Include="imgui_widgets.cpp">
      <Filter>Source Files\Imgui</Filter>
    </ClCompile>
    <ClCompile Include="Services.cpp">
      <Filter>Source Files\System</Filter>
    </ClCompile>
    <ClCompile Include="svc_common.cpp">
      <Filter>Source Files</Filter>
    </ClCompile>
    <ClCompile Include="svc_filesystem.cpp">
      <Filter>Source Files</Filter>
    </ClCompile>
    <ClCompile Include="svc_thread.cpp">
      <Filter>Source Files</Filter>
    </ClCompile>
    <ClCompile Include="svc_system.cpp">
      <Filter>Source Files</Filter>
    </ClCompile>
    <ClCompile Include="HpInterOp.cpp">
      <Filter>Source Files</Filter>
    </ClCompile>
    <ClCompile Include="FaultHandler.cpp">
      <Filter>Source Files</Filter>
    </ClCompile>
    <ClCompile Include="InterruptController.cpp">
      <Filter>Source Files</Filter>
    </ClCompile>
    <ClCompile Include="SvcDispatcher.cpp">
      <Filter>Source Files</Filter>
    </ClCompile>
    <ClCompile Include="TimerController.cpp">
      <Filter>Source Files</Filter>
    </ClCompile>
    <ClCompile Include="Win32SyncPrimitives.cpp">
      <Filter>Source Files</Filter>
    </ClCompile>

    <ClCompile Include="GdbStub.cpp">
      <Filter>Source Files</Filter>
    </ClCompile>
    <ClCompile Include="CommandServer.cpp">
      <Filter>Source Files</Filter>
    </ClCompile>
  </ItemGroup>
  <ItemGroup>
    <None Include="packages.config" />
  </ItemGroup>
</Project>